
Microsoft Visual Studio Solution File, Format Version 12.00
# Visual Studio Version 17
VisualStudioVersion = 17.14.36518.9 d17.14
MinimumVisualStudioVersion = 10.0.40219.1
Project("{FAE04EC0-301F-11D3-BF4B-00C04F79EFBC}") = "TraditionalCommands", "TraditionalCommands\TraditionalCommands.csproj", "{9B8090D7-AFBD-4103-827D-55CC56917ED6}"
EndProject
Project("{FAE04EC0-301F-11D3-BF4B-00C04F79EFBC}") = "CommunityToolkitMvvmCommands", "CommunityToolkitMvvmCommands\CommunityToolkitMvvmCommands.csproj", "{054C335D-C369-44CD-BD1A-18DE09A0EF72}"
EndProject
Global
	GlobalSection(SolutionConfigurationPlatforms) = preSolution
		Debug|Any CPU = Debug|Any CPU
		Release|Any CPU = Release|Any CPU
	EndGlobalSection
	GlobalSection(ProjectConfigurationPlatforms) = postSolution
		{9B8090D7-AFBD-4103-827D-55CC56917ED6}.Debug|Any CPU.ActiveCfg = Debug|Any CPU
		{9B8090D7-AFBD-4103-827D-55CC56917ED6}.Debug|Any CPU.Build.0 = Debug|Any CPU
		{9B8090D7-AFBD-4103-827D-55CC56917ED6}.Release|Any CPU.ActiveCfg = Release|Any CPU
		{9B8090D7-AFBD-4103-827D-55CC56917ED6}.Release|Any CPU.Build.0 = Release|Any CPU
		{054C335D-C369-44CD-BD1A-18DE09A0EF72}.Debug|Any CPU.ActiveCfg = Debug|Any CPU
		{054C335D-C369-44CD-BD1A-18DE09A0EF72}.Debug|Any CPU.Build.0 = Debug|Any CPU
		{054C335D-C369-44CD-BD1A-18DE09A0EF72}.Release|Any CPU.ActiveCfg = Release|Any CPU
		{054C335D-C369-44CD-BD1A-18DE09A0EF72}.Release|Any CPU.Build.0 = Release|Any CPU
	EndGlobalSection
	GlobalSection(SolutionProperties) = preSolution
		HideSolutionNode = FALSE
	EndGlobalSection
	GlobalSection(ExtensibilityGlobals) = postSolution
		SolutionGuid = {F8169275-47F8-47F0-AD94-86956BCF6FB5}
	EndGlobalSection
EndGlobal
